
Microsoft Visual Studio Solution File, Format Version 12.00
# Visual Studio 14
VisualStudioVersion = 14.0.23107.0
MinimumVisualStudioVersion = 10.0.40219.1
Project("{8BC9CEB8-8B4A-11D0-8D11-00A0C91BC942}") = "Example A", "A\A.vcxproj", "{E95BBD0F-ECE5-4C38-A42D-29B9F7C1B271}"
EndProject
Project("{8BC9CEB8-8B4A-11D0-8D11-00A0C91BC942}") = "Example B", "B\B.vcxproj", "{199F5C9C-5243-415E-BA1B-EC6A99F42F71}"
EndProject
Project("{8BC9CEB8-8B4A-11D0-8D11-00A0C91BC942}") = "Example C", "C\C.vcxproj", "{F3288DF0-55EF-4DE3-847F-A04A62A6AC8F}"
EndProject
Project("{8BC9CEB8-8B4A-11D0-8D11-00A0C91BC942}") = "Example D", "D\D.vcxproj", "{1C46AEF9-BE54-4D28-919D-CF0EC7410BE2}"
EndProject
Project("{8BC9CEB8-8B4A-11D0-8D11-00A0C91BC942}") = "Example E", "E\E.vcxproj", "{1BC8A314-03A5-4552-AD1F-9C2CFDC74D41}"
EndProject
Project("{8BC9CEB8-8B4A-11D0-8D11-00A0C91BC942}") = "Example F", "F\F.vcxproj", "{DB1A139C-7EA1-4B6C-AE4E-62AE53E342A7}"
EndProject
Project("{8BC9CEB8-8B4A-11D0-8D11-00A0C91BC942}") = "Example G", "G\G.vcxproj", "{A3484224-614A-4166-B829-83DC67D6D349}"
EndProject
Project("{8BC9CEB8-8B4A-11D0-8D11-00A0C91BC942}") = "Example H", "H\H.vcxproj", "{59773D64-1856-4BAF-B18A-B4D65A99D26E}"
EndProject
Project("{8BC9CEB8-8B4A-11D0-8D11-00A0C91BC942}") = "Example I", "I\I.vcxproj", "{4CEA79E6-DA68-49E8-8B9E-11FC9DA4C2D1}"
EndProject
Project("{8BC9CEB8-8B4A-11D0-8D11-00A0C91BC942}") = "Example J", "J\J.vcxproj", "{93BE1BEF-1D97-4155-974A-B28781E53F0B}"
EndProject
Project("{8BC9CEB8-8B4A-11D0-8D11-00A0C91BC942}") = "Example K", "K\K.vcxproj", "{19A3AA96-A00B-4354-A29D-57F1BBA3BB5D}"
EndProject
Project("{8BC9CEB8-8B4A-11D0-8D11-00A0C91BC942}") = "Example L", "L\L.vcxproj", "{EC18AF38-067F-43A7-84ED-1447991744FA}"
EndProject
Project("{8BC9CEB8-8B4A-11D0-8D11-00A0C91BC942}") = "Example M", "M\M.vcxproj", "{D7254F90-F93B-4D20-BCA2-2655DC7F787A}"
EndProject
Project("{8BC9CEB8-8B4A-11D0-8D11-00A0C91BC942}") = "Example N", "N\N.vcxproj", "{C261C350-1B58-40DD-9B9E-3882FEDD3D36}"
EndProject
Global
	GlobalSection(SolutionConfigurationPlatforms) = preSolution
		Debug|x64 = Debug|x64
		Debug|x86 = Debug|x86
		Release|x64 = Release|x64
		Release|x86 = Release|x86
	EndGlobalSection
	GlobalSection(ProjectConfigurationPlatforms) = postSolution
		{E95BBD0F-ECE5-4C38-A42D-29B9F7C1B271}.Debug|x64.ActiveCfg = Debug|x64
		{E95BBD0F-ECE5-4C38-A42D-29B9F7C1B271}.Debug|x64.Build.0 = Debug|x64
		{E95BBD0F-ECE5-4C38-A42D-29B9F7C1B271}.Debug|x86.ActiveCfg = Debug|Win32
		{E95BBD0F-ECE5-4C38-A42D-29B9F7C1B271}.Debug|x86.Build.0 = Debug|Win32
		{E95BBD0F-ECE5-4C38-A42D-29B9F7C1B271}.Release|x64.ActiveCfg = Release|x64
		{E95BBD0F-ECE5-4C38-A42D-29B9F7C1B271}.Release|x64.Build.0 = Release|x64
		{E95BBD0F-ECE5-4C38-A42D-29B9F7C1B271}.Release|x86.ActiveCfg = Release|Win32
		{E95BBD0F-ECE5-4C38-A42D-29B9F7C1B271}.Release|x86.Build.0 = Release|Win32
		{199F5C9C-5243-415E-BA1B-EC6A99F42F71}.Debug|x64.ActiveCfg = Debug|x64
		{199F5C9C-5243-415E-BA1B-EC6A99F42F71}.Debug|x64.Build.0 = Debug|x64
		{199F5C9C-5243-415E-BA1B-EC6A99F42F71}.Debug|x86.ActiveCfg = Debug|Win32
		{199F5C9C-5243-415E-BA1B-EC6A99F42F71}.Debug|x86.Build.0 = Debug|Win32
		{199F5C9C-5243-415E-BA1B-EC6A99F42F71}.Release|x64.ActiveCfg = Release|x64
		{199F5C9C-5243-415E-BA1B-EC6A99F42F71}.Release|x64.Build.0 = Release|x64
		{199F5C9C-5243-415E-BA1B-EC6A99F42F71}.Release|x86.ActiveCfg = Release|Win32
		{199F5C9C-5243-415E-BA1B-EC6A99F42F71}.Release|x86.Build.0 = Release|Win32
		{F3288DF0-55EF-4DE3-847F-A04A62A6AC8F}.Debug|x64.ActiveCfg = Debug|x64
		{F3288DF0-55EF-4DE3-847F-A04A62A6AC8F}.Debug|x64.Build.0 = Debug|x64
		{F3288DF0-55EF-4DE3-847F-A04A62A6AC8F}.Debug|x86.ActiveCfg = Debug|Win32
		{F3288DF0-55EF-4DE3-847F-A04A62A6AC8F}.Debug|x86.Build.0 = Debug|Win32
		{F3288DF0-55EF-4DE3-847F-A04A62A6AC8F}.Release|x64.ActiveCfg = Release|x64
		{F3288DF0-55EF-4DE3-847F-A04A62A6AC8F}.Release|x64.Build.0 = Release|x64
		{F3288DF0-55EF-4DE3-847F-A04A62A6AC8F}.Release|x86.ActiveCfg = Release|Win32
		{F3288DF0-55EF-4DE3-847F-A04A62A6AC8F}.Release|x86.Build.0 = Release|Win32
		{1C46AEF9-BE54-4D28-919D-CF0EC7410BE2}.Debug|x64.ActiveCfg = Debug|x64
		{1C46AEF9-BE54-4D28-919D-CF0EC7410BE2}.Debug|x64.Build.0 = Debug|x64
		{1C46AEF9-BE54-4D28-919D-CF0EC7410BE2}.Debug|x86.ActiveCfg = Debug|Win32
		{1C46AEF9-BE54-4D28-919D-CF0EC7410BE2}.Debug|x86.Build.0 = Debug|Win32
		{1C46AEF9-BE54-4D28-919D-CF0EC7410BE2}.Release|x64.ActiveCfg = Release|x64
		{1C46AEF9-BE54-4D28-919D-CF0EC7410BE2}.Release|x64.Build.0 = Release|x64
		{1C46AEF9-BE54-4D28-919D-CF0EC7410BE2}.Release|x86.ActiveCfg = Release|Win32
		{1C46AEF9-BE54-4D28-919D-CF0EC7410BE2}.Release|x86.Build.0 = Release|Win32
		{1BC8A314-03A5-4552-AD1F-9C2CFDC74D41}.Debug|x64.ActiveCfg = Debug|x64
		{1BC8A314-03A5-4552-AD1F-9C2CFDC74D41}.Debug|x64.Build.0 = Debug|x64
		{1BC8A314-03A5-4552-AD1F-9C2CFDC74D41}.Debug|x86.ActiveCfg = Debug|Win32
		{1BC8A314-03A5-4552-AD1F-9C2CFDC74D41}.Debug|x86.Build.0 = Debug|Win32
		{1BC8A314-03A5-4552-AD1F-9C2CFDC74D41}.Release|x64.ActiveCfg = Release|x64
		{1BC8A314-03A5-4552-AD1F-9C2CFDC74D41}.Release|x64.Build.0 = Release|x64
		{1BC8A314-03A5-4552-AD1F-9C2CFDC74D41}.Release|x86.ActiveCfg = Release|Win32
		{1BC8A314-03A5-4552-AD1F-9C2CFDC74D41}.Release|x86.Build.0 = Release|Win32
		{DB1A139C-7EA1-4B6C-AE4E-62AE53E342A7}.Debug|x64.ActiveCfg = Debug|x64
		{DB1A139C-7EA1-4B6C-AE4E-62AE53E342A7}.Debug|x64.Build.0 = Debug|x64
		{DB1A139C-7EA1-4B6C-AE4E-62AE53E342A7}.Debug|x86.ActiveCfg = Debug|Win32
		{DB1A139C-7EA1-4B6C-AE4E-62AE53E342A7}.Debug|x86.Build.0 = Debug|Win32
		{DB1A139C-7EA1-4B6C-AE4E-62AE53E342A7}.Release|x64.ActiveCfg = Release|x64
		{DB1A139C-7EA1-4B6C-AE4E-62AE53E342A7}.Release|x64.Build.0 = Release|x64
		{DB1A139C-7EA1-4B6C-AE4E-62AE53E342A7}.Release|x86.ActiveCfg = Release|Win32
		{DB1A139C-7EA1-4B6C-AE4E-62AE53E342A7}.Release|x86.Build.0 = Release|Win32
		{A3484224-614A-4166-B829-83DC67D6D349}.Debug|x64.ActiveCfg = Debug|x64
		{A3484224-614A-4166-B829-83DC67D6D349}.Debug|x64.Build.0 = Debug|x64
		{A3484224-614A-4166-B829-83DC67D6D349}.Debug|x86.ActiveCfg = Debug|Win32
		{A3484224-614A-4166-B829-83DC67D6D349}.Debug|x86.Build.0 = Debug|Win32
		{A3484224-614A-4166-B829-83DC67D6D349}.Release|x64.ActiveCfg = Release|x64
		{A3484224-614A-4166-B829-83DC67D6D349}.Release|x64.Build.0 = Release|x64
		{A3484224-614A-4166-B829-83DC67D6D349}.Release|x86.ActiveCfg = Release|Win32
		{A3484224-614A-4166-B829-83DC67D6D349}.Release|x86.Build.0 = Release|Win32
		{59773D64-1856-4BAF-B18A-B4D65A99D26E}.Debug|x64.ActiveCfg = Debug|x64
		{59773D64-1856-4BAF-B18A-B4D65A99D26E}.Debug|x64.Build.0 = Debug|x64
		{59773D64-1856-4BAF-B18A-B4D65A99D26E}.Debug|x86.ActiveCfg = Debug|Win32
		{59773D64-1856-4BAF-B18A-B4D65A99D26E}.Debug|x86.Build.0 = Debug|Win32
		{59773D64-1856-4BAF-B18A-B4D65A99D26E}.Release|x64.ActiveCfg = Release|x64
		{59773D64-1856-4BAF-B18A-B4D65A99D26E}.Release|x64.Build.0 = Release|x64
		{59773D64-1856-4BAF-B18A-B4D65A99D26E}.Release|x86.ActiveCfg = Release|Win32
		{59773D64-1856-4BAF-B18A-B4D65A99D26E}.Release|x86.Build.0 = Release|Win32
		{4CEA79E6-DA68-49E8-8B9E-11FC9DA4C2D1}.Debug|x64.ActiveCfg = Debug|x64
		{4CEA79E6-DA68-49E8-8B9E-11FC9DA4C2D1}.Debug|x64.Build.0 = Debug|x64
		{4CEA79E6-DA68-49E8-8B9E-11FC9DA4C2D1}.Debug|x86.ActiveCfg = Debug|Win32
		{4CEA79E6-DA68-49E8-8B9E-11FC9DA4C2D1}.Debug|x86.Build.0 = Debug|Win32
		{4CEA79E6-DA68-49E8-8B9E-11FC9DA4C2D1}.Release|x64.ActiveCfg = Release|x64
		{4CEA79E6-DA68-49E8-8B9E-11FC9DA4C2D1}.Release|x64.Build.0 = Release|x64
		{4CEA79E6-DA68-49E8-8B9E-11FC9DA4C2D1}.Release|x86.ActiveCfg = Release|Win32
		{4CEA79E6-DA68-49E8-8B9E-11FC9DA4C2D1}.Release|x86.Build.0 = Release|Win32
		{93BE1BEF-1D97-4155-974A-B28781E53F0B}.Debug|x64.ActiveCfg = Debug|x64
		{93BE1BEF-1D97-4155-974A-B28781E53F0B}.Debug|x64.Build.0 = Debug|x64
		{93BE1BEF-1D97-4155-974A-B28781E53F0B}.Debug|x86.ActiveCfg = Debug|Win32
		{93BE1BEF-1D97-4155-974A-B28781E53F0B}.Debug|x86.Build.0 = Debug|Win32
		{93BE1BEF-1D97-4155-974A-B28781E53F0B}.Release|x64.ActiveCfg = Release|x64
		{93BE1BEF-1D97-4155-974A-B28781E53F0B}.Release|x64.Build.0 = Release|x64
		{93BE1BEF-1D97-4155-974A-B28781E53F0B}.Release|x86.ActiveCfg = Release|Win32
		{93BE1BEF-1D97-4155-974A-B28781E53F0B}.Release|x86.Build.0 = Release|Win32
		{19A3AA96-A00B-4354-A29D-57F1BBA3BB5D}.Debug|x64.ActiveCfg = Debug|x64
		{19A3AA96-A00B-4354-A29D-57F1BBA3BB5D}.Debug|x64.Build.0 = Debug|x64
		{19A3AA96-A00B-4354-A29D-57F1BBA3BB5D}.Debug|x86.ActiveCfg = Debug|Win32
		{19A3AA96-A00B-4354-A29D-57F1BBA3BB5D}.Debug|x86.Build.0 = Debug|Win32
		{19A3AA96-A00B-4354-A29D-57F1BBA3BB5D}.Release|x64.ActiveCfg = Release|x64
		{19A3AA96-A00B-4354-A29D-57F1BBA3BB5D}.Release|x64.Build.0 = Release|x64
		{19A3AA96-A00B-4354-A29D-57F1BBA3BB5D}.Release|x86.ActiveCfg = Release|Win32
		{19A3AA96-A00B-4354-A29D-57F1BBA3BB5D}.Release|x86.Build.0 = Release|Win32
		{EC18AF38-067F-43A7-84ED-1447991744FA}.Debug|x64.ActiveCfg = Debug|x64
		{EC18AF38-067F-43A7-84ED-1447991744FA}.Debug|x64.Build.0 = Debug|x64
		{EC18AF38-067F-43A7-84ED-1447991744FA}.Debug|x86.ActiveCfg = Debug|Win32
		{EC18AF38-067F-43A7-84ED-1447991744FA}.Debug|x86.Build.0 = Debug|Win32
		{EC18AF38-067F-43A7-84ED-1447991744FA}.Release|x64.ActiveCfg = Release|x64
		{EC18AF38-067F-43A7-84ED-1447991744FA}.Release|x64.Build.0 = Release|x64
		{EC18AF38-067F-43A7-84ED-1447991744FA}.Release|x86.ActiveCfg = Release|Win32
		{EC18AF38-067F-43A7-84ED-1447991744FA}.Release|x86.Build.0 = Release|Win32
		{D7254F90-F93B-4D20-BCA2-2655DC7F787A}.Debug|x64.ActiveCfg = Debug|x64
		{D7254F90-F93B-4D20-BCA2-2655DC7F787A}.Debug|x64.Build.0 = Debug|x64
		{D7254F90-F93B-4D20-BCA2-2655DC7F787A}.Debug|x86.ActiveCfg = Debug|Win32
		{D7254F90-F93B-4D20-BCA2-2655DC7F787A}.Debug|x86.Build.0 = Debug|Win32
		{D7254F90-F93B-4D20-BCA2-2655DC7F787A}.Release|x64.ActiveCfg = Release|x64
		{D7254F90-F93B-4D20-BCA2-2655DC7F787A}.Release|x64.Build.0 = Release|x64
		{D7254F90-F93B-4D20-BCA2-2655DC7F787A}.Release|x86.ActiveCfg = Release|Win32
		{D7254F90-F93B-4D20-BCA2-2655DC7F787A}.Release|x86.Build.0 = Release|Win32
		{C261C350-1B58-40DD-9B9E-3882FEDD3D36}.Debug|x64.ActiveCfg = Debug|x64
		{C261C350-1B58-40DD-9B9E-3882FEDD3D36}.Debug|x64.Build.0 = Debug|x64
		{C261C350-1B58-40DD-9B9E-3882FEDD3D36}.Debug|x86.ActiveCfg = Debug|Win32
		{C261C350-1B58-40DD-9B9E-3882FEDD3D36}.Debug|x86.Build.0 = Debug|Win32
		{C261C350-1B58-40DD-9B9E-3882FEDD3D36}.Release|x64.ActiveCfg = Release|x64
		{C261C350-1B58-40DD-9B9E-3882FEDD3D36}.Release|x64.Build.0 = Release|x64
		{C261C350-1B58-40DD-9B9E-3882FEDD3D36}.Release|x86.ActiveCfg = Release|Win32
		{C261C350-1B58-40DD-9B9E-3882FEDD3D36}.Release|x86.Build.0 = Release|Win32
	EndGlobalSection
	GlobalSection(SolutionProperties) = preSolution
		HideSolutionNode = FALSE
	EndGlobalSection
EndGlobal
